Microsoft Visual Studio Solution File, Format Version 12.00
# Visual Studio Version 17
VisualStudioVersion = 17.5.2.0
MinimumVisualStudioVersion = 10.0.40219.1
Project("{FAE04EC0-301F-11D3-BF4B-00C04F79EFBC}") = "CompanyWeb", "CompanyWeb.csproj", "{5276D18A-DFDE-6E32-8EA4-F72D40B19EE2}"
EndProject
Global
	GlobalSection(SolutionConfigurationPlatforms) = preSolution
		Debug|Any CPU = Debug|Any CPU
		Release|Any CPU = Release|Any CPU
	EndGlobalSection
	GlobalSection(ProjectConfigurationPlatforms) = postSolution
		{5276D18A-DFDE-6E32-8EA4-F72D40B19EE2}.Debug|Any CPU.ActiveCfg = Debug|Any CPU
		{5276D18A-DFDE-6E32-8EA4-F72D40B19EE2}.Debug|Any CPU.Build.0 = Debug|Any CPU
		{5276D18A-DFDE-6E32-8EA4-F72D40B19EE2}.Release|Any CPU.ActiveCfg = Release|Any CPU
		{5276D18A-DFDE-6E32-8EA4-F72D40B19EE2}.Release|Any CPU.Build.0 = Release|Any CPU
	EndGlobalSection
	GlobalSection(SolutionProperties) = preSolution
		HideSolutionNode = FALSE
	EndGlobalSection
	GlobalSection(ExtensibilityGlobals) = postSolution
		SolutionGuid = {B1A89219-7835-4BBA-BDE7-85B6CEE5CBD1}
	EndGlobalSection
EndGlobal
